
Microsoft Visual Studio Solution File, Format Version 12.00
# Visual Studio Version 17
VisualStudioVersion = 17.11.35312.102
MinimumVisualStudioVersion = 10.0.40219.1
Project("{2150E333-8FDC-42A3-9474-1A3956D46DE8}") = "Services", "Services", "{D07AC795-CF59-4E46-BBE3-C9AED436FB0A}"
EndProject
Project("{2150E333-8FDC-42A3-9474-1A3956D46DE8}") = "Catalog", "Catalog", "{D6007C25-ED13-466B-8FBF-7CD40EECB201}"
EndProject
Project("{9A19103F-16F7-4668-BE54-9A1E7A4F7556}") = "Catalog.API", "src\Services\Catalog\Catalog.API\Catalog.API.csproj", "{41EBC170-555B-46DA-A02A-F28F912F2C90}"
EndProject
Project("{2150E333-8FDC-42A3-9474-1A3956D46DE8}") = "BuildingBlocks", "BuildingBlocks", "{045ADBE7-2BAF-4ED1-9F22-C6C505546969}"
EndProject
Project("{9A19103F-16F7-4668-BE54-9A1E7A4F7556}") = "BuildingBlocks", "src\BuildingBlocks\BuildingBlocks\BuildingBlocks.csproj", "{D3256FF6-098C-446C-8389-0ABF68042491}"
EndProject
Project("{E53339B2-1760-4266-BCC7-CA923CBCF16C}") = "docker-compose", "src\docker-compose.dcproj", "{32E78A1A-B9CF-445E-AC97-BF52D86FD68F}"
EndProject
Project("{2150E333-8FDC-42A3-9474-1A3956D46DE8}") = "Basket", "Basket", "{416A25EF-0655-40FC-A790-6879E634FCAD}"
EndProject
Project("{9A19103F-16F7-4668-BE54-9A1E7A4F7556}") = "Basket.API", "src\Services\Basket\Basket.API\Basket.API.csproj", "{CBC6565A-8744-411F-B8D5-F0595EA0191D}"
EndProject
Project("{2150E333-8FDC-42A3-9474-1A3956D46DE8}") = "Discount", "Discount", "{093DC187-0822-42A8-8993-4E05DB4D4617}"
EndProject
Project("{FAE04EC0-301F-11D3-BF4B-00C04F79EFBC}") = "Discount.Grpc", "src\Services\Discount\Discount.Grpc\Discount.Grpc.csproj", "{0E39F45E-C9E4-41C8-B72A-55B2C9D68814}"
EndProject
Global
	GlobalSection(SolutionConfigurationPlatforms) = preSolution
		Debug|Any CPU = Debug|Any CPU
		Release|Any CPU = Release|Any CPU
	EndGlobalSection
	GlobalSection(ProjectConfigurationPlatforms) = postSolution
		{41EBC170-555B-46DA-A02A-F28F912F2C90}.Debug|Any CPU.ActiveCfg = Debug|Any CPU
		{41EBC170-555B-46DA-A02A-F28F912F2C90}.Debug|Any CPU.Build.0 = Debug|Any CPU
		{41EBC170-555B-46DA-A02A-F28F912F2C90}.Release|Any CPU.ActiveCfg = Release|Any CPU
		{41EBC170-555B-46DA-A02A-F28F912F2C90}.Release|Any CPU.Build.0 = Release|Any CPU
		{D3256FF6-098C-446C-8389-0ABF68042491}.Debug|Any CPU.ActiveCfg = Debug|Any CPU
		{D3256FF6-098C-446C-8389-0ABF68042491}.Debug|Any CPU.Build.0 = Debug|Any CPU
		{D3256FF6-098C-446C-8389-0ABF68042491}.Release|Any CPU.ActiveCfg = Release|Any CPU
		{D3256FF6-098C-446C-8389-0ABF68042491}.Release|Any CPU.Build.0 = Release|Any CPU
		{32E78A1A-B9CF-445E-AC97-BF52D86FD68F}.Debug|Any CPU.ActiveCfg = Debug|Any CPU
		{32E78A1A-B9CF-445E-AC97-BF52D86FD68F}.Debug|Any CPU.Build.0 = Debug|Any CPU
		{32E78A1A-B9CF-445E-AC97-BF52D86FD68F}.Release|Any CPU.ActiveCfg = Release|Any CPU
		{32E78A1A-B9CF-445E-AC97-BF52D86FD68F}.Release|Any CPU.Build.0 = Release|Any CPU
		{CBC6565A-8744-411F-B8D5-F0595EA0191D}.Debug|Any CPU.ActiveCfg = Debug|Any CPU
		{CBC6565A-8744-411F-B8D5-F0595EA0191D}.Debug|Any CPU.Build.0 = Debug|Any CPU
		{CBC6565A-8744-411F-B8D5-F0595EA0191D}.Release|Any CPU.ActiveCfg = Release|Any CPU
		{CBC6565A-8744-411F-B8D5-F0595EA0191D}.Release|Any CPU.Build.0 = Release|Any CPU
		{0E39F45E-C9E4-41C8-B72A-55B2C9D68814}.Debug|Any CPU.ActiveCfg = Debug|Any CPU
		{0E39F45E-C9E4-41C8-B72A-55B2C9D68814}.Debug|Any CPU.Build.0 = Debug|Any CPU
		{0E39F45E-C9E4-41C8-B72A-55B2C9D68814}.Release|Any CPU.ActiveCfg = Release|Any CPU
		{0E39F45E-C9E4-41C8-B72A-55B2C9D68814}.Release|Any CPU.Build.0 = Release|Any CPU
	EndGlobalSection
	GlobalSection(SolutionProperties) = preSolution
		HideSolutionNode = FALSE
	EndGlobalSection
	GlobalSection(NestedProjects) = preSolution
		{D6007C25-ED13-466B-8FBF-7CD40EECB201} = {D07AC795-CF59-4E46-BBE3-C9AED436FB0A}
		{41EBC170-555B-46DA-A02A-F28F912F2C90} = {D6007C25-ED13-466B-8FBF-7CD40EECB201}
		{D3256FF6-098C-446C-8389-0ABF68042491} = {045ADBE7-2BAF-4ED1-9F22-C6C505546969}
		{32E78A1A-B9CF-445E-AC97-BF52D86FD68F} = {D07AC795-CF59-4E46-BBE3-C9AED436FB0A}
		{416A25EF-0655-40FC-A790-6879E634FCAD} = {D07AC795-CF59-4E46-BBE3-C9AED436FB0A}
		{CBC6565A-8744-411F-B8D5-F0595EA0191D} = {416A25EF-0655-40FC-A790-6879E634FCAD}
		{093DC187-0822-42A8-8993-4E05DB4D4617} = {D07AC795-CF59-4E46-BBE3-C9AED436FB0A}
		{0E39F45E-C9E4-41C8-B72A-55B2C9D68814} = {093DC187-0822-42A8-8993-4E05DB4D4617}
	EndGlobalSection
	GlobalSection(ExtensibilityGlobals) = postSolution
		SolutionGuid = {827E6C09-5847-4FFD-924B-4DA5AA3AC12A}
	EndGlobalSection
EndGlobal
